// !$*UTF8*$!
{
	archiveVersion = 1;
	classes = {
	};
	objectVersion = 50;
	objects = {

/* Begin PBXBuildFile section */
		782D912D2538395500D7110C /* RulerModel.swift in Sources */ = {isa = PBXBuildFile; fileRef = 782D912C2538395500D7110C /* RulerModel.swift */; };
		782D9132253841D800D7110C /* RulerUIView.swift in Sources */ = {isa = PBXBuildFile; fileRef = 782D9131253841D800D7110C /* RulerUIView.swift */; };
		78448E41253FD3330025A73A /* DrawingUIViewByBelzier.swift in Sources */ = {isa = PBXBuildFile; fileRef = 78448E40253FD3330025A73A /* DrawingUIViewByBelzier.swift */; };
		78448E46253FDB020025A73A /* RulerBelzierModel.swift in Sources */ = {isa = PBXBuildFile; fileRef = 78448E45253FDB020025A73A /* RulerBelzierModel.swift */; };
		7847D57F252C537700308AFB /* Extension.swift in Sources */ = {isa = PBXBuildFile; fileRef = 7847D57E252C537700308AFB /* Extension.swift */; };
		7861E82A251177300077FED6 /* ViewController2.swift in Sources */ = {isa = PBXBuildFile; fileRef = 7861E829251177300077FED6 /* ViewController2.swift */; };
		78791129252E427200AAB33F /* AppDelegate.swift in Sources */ = {isa = PBXBuildFile; fileRef = 78791128252E427200AAB33F /* AppDelegate.swift */; };
		7879112B252E427200AAB33F /* SceneDelegate.swift in Sources */ = {isa = PBXBuildFile; fileRef = 7879112A252E427200AAB33F /* SceneDelegate.swift */; };
		7879112D252E427200AAB33F /* ViewController.swift in Sources */ = {isa = PBXBuildFile; fileRef = 7879112C252E427200AAB33F /* ViewController.swift */; };
		78791130252E427200AAB33F /* Main.storyboard in Resources */ = {isa = PBXBuildFile; fileRef = 7879112E252E427200AAB33F /* Main.storyboard */; };
		78791132252E427400AAB33F /* Assets.xcassets in Resources */ = {isa = PBXBuildFile; fileRef = 78791131252E427400AAB33F /* Assets.xcassets */; };
		78791135252E427400AAB33F /* LaunchScreen.storyboard in Resources */ = {isa = PBXBuildFile; fileRef = 78791133252E427400AAB33F /* LaunchScreen.storyboard */; };
		78791140252E427400AAB33F /* testTests.swift in Sources */ = {isa = PBXBuildFile; fileRef = 7879113F252E427400AAB33F /* testTests.swift */; };
		7879114B252E427400AAB33F /* testUITests.swift in Sources */ = {isa = PBXBuildFile; fileRef = 7879114A252E427400AAB33F /* testUITests.swift */; };
		787E4120251C7F1C004272BE /* DrawLineWhenUserTouch.swift in Sources */ = {isa = PBXBuildFile; fileRef = 787E411F251C7F1C004272BE /* DrawLineWhenUserTouch.swift */; };
		78C4F8A32532848C004D44AE /* ViewController1.swift in Sources */ = {isa = PBXBuildFile; fileRef = 78C4F8A22532848C004D44AE /* ViewController1.swift */; };
		78D1724925397A3100338A78 /* DrawingUIView.swift in Sources */ = {isa = PBXBuildFile; fileRef = 78D1724825397A3100338A78 /* DrawingUIView.swift */; };
/* End PBXBuildFile section */

/* Begin PBXContainerItemProxy section */
		7879113C252E427400AAB33F /* PBXContainerItemProxy */ = {
			isa = PBXContainerItemProxy;
			containerPortal = 7879111D252E427200AAB33F /* Project object */;
			proxyType = 1;
			remoteGlobalIDString = 78791124252E427200AAB33F;
			remoteInfo = test;
		};
		78791147252E427400AAB33F /* PBXContainerItemProxy */ = {
			isa = PBXContainerItemProxy;
			containerPortal = 7879111D252E427200AAB33F /* Project object */;
			proxyType = 1;
			remoteGlobalIDString = 78791124252E427200AAB33F;
			remoteInfo = test;
		};
/* End PBXContainerItemProxy section */

/* Begin PBXFileReference section */
		782D912C2538395500D7110C /* RulerModel.swift */ = {isa = PBXFileReference; lastKnownFileType = sourcecode.swift; path = RulerModel.swift; sourceTree = "<group>"; };
		782D9131253841D800D7110C /* RulerUIView.swift */ = {isa = PBXFileReference; lastKnownFileType = sourcecode.swift; path = RulerUIView.swift; sourceTree = "<group>"; };
		78448E40253FD3330025A73A /* DrawingUIViewByBelzier.swift */ = {isa = PBXFileReference; lastKnownFileType = sourcecode.swift; path = DrawingUIViewByBelzier.swift; sourceTree = "<group>"; };
		78448E45253FDB020025A73A /* RulerBelzierModel.swift */ = {isa = PBXFileReference; lastKnownFileType = sourcecode.swift; path = RulerBelzierModel.swift; sourceTree = "<group>"; };
		7847D57E252C537700308AFB /* Extension.swift */ = {isa = PBXFileReference; lastKnownFileType = sourcecode.swift; path = Extension.swift; sourceTree = "<group>"; };
		7861E829251177300077FED6 /* ViewController2.swift */ = {isa = PBXFileReference; lastKnownFileType = sourcecode.swift; path = ViewController2.swift; sourceTree = "<group>"; };
		78791125252E427200AAB33F /* test.app */ = {isa = PBXFileReference; explicitFileType = wrapper.application; includeInIndex = 0; path = test.app; sourceTree = BUILT_PRODUCTS_DIR; };
		78791128252E427200AAB33F /* AppDelegate.swift */ = {isa = PBXFileReference; lastKnownFileType = sourcecode.swift; path = AppDelegate.swift; sourceTree = "<group>"; };
		7879112A252E427200AAB33F /* SceneDelegate.swift */ = {isa = PBXFileReference; lastKnownFileType = sourcecode.swift; path = SceneDelegate.swift; sourceTree = "<group>"; };
		7879112C252E427200AAB33F /* ViewController.swift */ = {isa = PBXFileReference; lastKnownFileType = sourcecode.swift; path = ViewController.swift; sourceTree = "<group>"; };
		7879112F252E427200AAB33F /* Base */ = {isa = PBXFileReference; lastKnownFileType = file.storyboard; name = Base; path = Base.lproj/Main.storyboard; sourceTree = "<group>"; };
		78791131252E427400AAB33F /* Assets.xcassets */ = {isa = PBXFileReference; lastKnownFileType = folder.assetcatalog; path = Assets.xcassets; sourceTree = "<group>"; };
		78791134252E427400AAB33F /* Base */ = {isa = PBXFileReference; lastKnownFileType = file.storyboard; name = Base; path = Base.lproj/LaunchScreen.storyboard; sourceTree = "<group>"; };
		78791136252E427400AAB33F /* Info.plist */ = {isa = PBXFileReference; lastKnownFileType = text.plist.xml; path = Info.plist; sourceTree = "<group>"; };
		7879113B252E427400AAB33F /* testTests.xctest */ = {isa = PBXFileReference; explicitFileType = wrapper.cfbundle; includeInIndex = 0; path = testTests.xctest; sourceTree = BUILT_PRODUCTS_DIR; };
		7879113F252E427400AAB33F /* testTests.swift */ = {isa = PBXFileReference; lastKnownFileType = sourcecode.swift; path = testTests.swift; sourceTree = "<group>"; };
		78791141252E427400AAB33F /* Info.plist */ = {isa = PBXFileReference; lastKnownFileType = text.plist.xml; path = Info.plist; sourceTree = "<group>"; };
		78791146252E427400AAB33F /* testUITests.xctest */ = {isa = PBXFileReference; explicitFileType = wrapper.cfbundle; includeInIndex = 0; path = testUITests.xctest; sourceTree = BUILT_PRODUCTS_DIR; };
		7879114A252E427400AAB33F /* testUITests.swift */ = {isa = PBXFileReference; lastKnownFileType = sourcecode.swift; path = testUITests.swift; sourceTree = "<group>"; };
		7879114C252E427400AAB33F /* Info.plist */ = {isa = PBXFileReference; lastKnownFileType = text.plist.xml; path = Info.plist; sourceTree = "<group>"; };
		787E411F251C7F1C004272BE /* DrawLineWhenUserTouch.swift */ = {isa = PBXFileReference; lastKnownFileType = sourcecode.swift; path = DrawLineWhenUserTouch.swift; sourceTree = "<group>"; };
		78C4F8A22532848C004D44AE /* ViewController1.swift */ = {isa = PBXFileReference; lastKnownFileType = sourcecode.swift; path = ViewController1.swift; sourceTree = "<group>"; };
		78D1724825397A3100338A78 /* DrawingUIView.swift */ = {isa = PBXFileReference; lastKnownFileType = sourcecode.swift; path = DrawingUIView.swift; sourceTree = "<group>"; };
/* End PBXFileReference section */

/* Begin PBXFrameworksBuildPhase section */
		78791122252E427200AAB33F /* Frameworks */ = {
			isa = PBXFrameworksBuildPhase;
			buildActionMask = 2147483647;
			files = (
			);
			runOnlyForDeploymentPostprocessing = 0;
		};
		78791138252E427400AAB33F /* Frameworks */ = {
			isa = PBXFrameworksBuildPhase;
			buildActionMask = 2147483647;
			files = (
			);
			runOnlyForDeploymentPostprocessing = 0;
		};
		78791143252E427400AAB33F /* Frameworks */ = {
			isa = PBXFrameworksBuildPhase;
			buildActionMask = 2147483647;
			files = (
			);
			runOnlyForDeploymentPostprocessing = 0;
		};
/* End PBXFrameworksBuildPhase section */

/* Begin PBXGroup section */
		7879111C252E427200AAB33F = {
			isa = PBXGroup;
			children = (
				78448E45253FDB020025A73A /* RulerBelzierModel.swift */,
				78448E40253FD3330025A73A /* DrawingUIViewByBelzier.swift */,
				78D1724825397A3100338A78 /* DrawingUIView.swift */,
				782D9131253841D800D7110C /* RulerUIView.swift */,
				782D912C2538395500D7110C /* RulerModel.swift */,
				78791127252E427200AAB33F /* test */,
				7879113E252E427400AAB33F /* testTests */,
				78791149252E427400AAB33F /* testUITests */,
				78791126252E427200AAB33F /* Products */,
			);
			sourceTree = "<group>";
		};
		78791126252E427200AAB33F /* Products */ = {
			isa = PBXGroup;
			children = (
				78791125252E427200AAB33F /* test.app */,
				7879113B252E427400AAB33F /* testTests.xctest */,
				78791146252E427400AAB33F /* testUITests.xctest */,
			);
			name = Products;
			sourceTree = "<group>";
		};
		78791127252E427200AAB33F /* test */ = {
			isa = PBXGroup;
			children = (
				7879112C252E427200AAB33F /* ViewController.swift */,
				7847D57E252C537700308AFB /* Extension.swift */,
				78791128252E427200AAB33F /* AppDelegate.swift */,
				7879112A252E427200AAB33F /* SceneDelegate.swift */,
				7861E829251177300077FED6 /* ViewController2.swift */,
				78C4F8A22532848C004D44AE /* ViewController1.swift */,
				787E411F251C7F1C004272BE /* DrawLineWhenUserTouch.swift */,
				7879112E252E427200AAB33F /* Main.storyboard */,
				78791131252E427400AAB33F /* Assets.xcassets */,
				78791133252E427400AAB33F /* LaunchScreen.storyboard */,
				78791136252E427400AAB33F /* Info.plist */,
			);
			path = test;
			sourceTree = "<group>";
		};
		7879113E252E427400AAB33F /* testTests */ = {
			isa = PBXGroup;
			children = (
				7879113F252E427400AAB33F /* testTests.swift */,
				78791141252E427400AAB33F /* Info.plist */,
			);
			path = testTests;
			sourceTree = "<group>";
		};
		78791149252E427400AAB33F /* testUITests */ = {
			isa = PBXGroup;
			children = (
				7879114A252E427400AAB33F /* testUITests.swift */,
				7879114C252E427400AAB33F /* Info.plist */,
			);
			path = testUITests;
			sourceTree = "<group>";
		};
/* End PBXGroup section */

/* Begin PBXNativeTarget section */
		78791124252E427200AAB33F /* test */ = {
			isa = PBXNativeTarget;
			buildConfigurationList = 7879114F252E427400AAB33F /* Build configuration list for PBXNativeTarget "test" */;
			buildPhases = (
				78791121252E427200AAB33F /* Sources */,
				78791122252E427200AAB33F /* Frameworks */,
				78791123252E427200AAB33F /* Resources */,
			);
			buildRules = (
			);
			dependencies = (
			);
			name = test;
			productName = test;
			productReference = 78791125252E427200AAB33F /* test.app */;
			productType = "com.apple.product-type.application";
		};
		7879113A252E427400AAB33F /* testTests */ = {
			isa = PBXNativeTarget;
			buildConfigurationList = 78791152252E427400AAB33F /* Build configuration list for PBXNativeTarget "testTests" */;
			buildPhases = (
				78791137252E427400AAB33F /* Sources */,
				78791138252E427400AAB33F /* Frameworks */,
				78791139252E427400AAB33F /* Resources */,
			);
			buildRules = (
			);
			dependencies = (
				7879113D252E427400AAB33F /* PBXTargetDependency */,
			);
			name = testTests;
			productName = testTests;
			productReference = 7879113B252E427400AAB33F /* testTests.xctest */;
			productType = "com.apple.product-type.bundle.unit-test";
		};
		78791145252E427400AAB33F /* testUITests */ = {
			isa = PBXNativeTarget;
			buildConfigurationList = 78791155252E427400AAB33F /* Build configuration list for PBXNativeTarget "testUITests" */;
			buildPhases = (
				78791142252E427400AAB33F /* Sources */,
				78791143252E427400AAB33F /* Frameworks */,
				78791144252E427400AAB33F /* Resources */,
			);
			buildRules = (
			);
			dependencies = (
				78791148252E427400AAB33F /* PBXTargetDependency */,
			);
			name = testUITests;
			productName = testUITests;
			productReference = 78791146252E427400AAB33F /* testUITests.xctest */;
			productType = "com.apple.product-type.bundle.ui-testing";
		};
/* End PBXNativeTarget section */

/* Begin PBXProject section */
		7879111D252E427200AAB33F /* Project object */ = {
			isa = PBXProject;
			attributes = {
				LastSwiftUpdateCheck = 1170;
				LastUpgradeCheck = 1170;
				ORGANIZATIONNAME = "Bao Le";
				TargetAttributes = {
					78791124252E427200AAB33F = {
						CreatedOnToolsVersion = 11.7;
					};
					7879113A252E427400AAB33F = {
						CreatedOnToolsVersion = 11.7;
						TestTargetID = 78791124252E427200AAB33F;
					};
					78791145252E427400AAB33F = {
						CreatedOnToolsVersion = 11.7;
						TestTargetID = 78791124252E427200AAB33F;
					};
				};
			};
			buildConfigurationList = 78791120252E427200AAB33F /* Build configuration list for PBXProject "test" */;
			compatibilityVersion = "Xcode 9.3";
			developmentRegion = en;
			hasScannedForEncodings = 0;
			knownRegions = (
				en,
				Base,
			);
			mainGroup = 7879111C252E427200AAB33F;
			productRefGroup = 78791126252E427200AAB33F /* Products */;
			projectDirPath = "";
			projectRoot = "";
			targets = (
				78791124252E427200AAB33F /* test */,
				7879113A252E427400AAB33F /* testTests */,
				78791145252E427400AAB33F /* testUITests */,
			);
		};
/* End PBXProject section */

/* Begin PBXResourcesBuildPhase section */
		78791123252E427200AAB33F /* Resources */ = {
			isa = PBXResourcesBuildPhase;
			buildActionMask = 2147483647;
			files = (
				78791135252E427400AAB33F /* LaunchScreen.storyboard in Resources */,
				78791132252E427400AAB33F /* Assets.xcassets in Resources */,
				78791130252E427200AAB33F /* Main.storyboard in Resources */,
			);
			runOnlyForDeploymentPostprocessing = 0;
		};
		78791139252E427400AAB33F /* Resources */ = {
			isa = PBXResourcesBuildPhase;
			buildActionMask = 2147483647;
			files = (
			);
			runOnlyForDeploymentPostprocessing = 0;
		};
		78791144252E427400AAB33F /* Resources */ = {
			isa = PBXResourcesBuildPhase;
			buildActionMask = 2147483647;
			files = (
			);
			runOnlyForDeploymentPostprocessing = 0;
		};
/* End PBXResourcesBuildPhase section */

/* Begin PBXSourcesBuildPhase section */
		78791121252E427200AAB33F /* Sources */ = {
			isa = PBXSourcesBuildPhase;
			buildActionMask = 2147483647;
			files = (
				7861E82A251177300077FED6 /* ViewController2.swift in Sources */,
				782D9132253841D800D7110C /* RulerUIView.swift in Sources */,
				78C4F8A32532848C004D44AE /* ViewController1.swift in Sources */,
				7847D57F252C537700308AFB /* Extension.swift in Sources */,
				7879112D252E427200AAB33F /* ViewController.swift in Sources */,
				78D1724925397A3100338A78 /* DrawingUIView.swift in Sources */,
				78448E46253FDB020025A73A /* RulerBelzierModel.swift in Sources */,
				78791129252E427200AAB33F /* AppDelegate.swift in Sources */,
				787E4120251C7F1C004272BE /* DrawLineWhenUserTouch.swift in Sources */,
				78448E41253FD3330025A73A /* DrawingUIViewByBelzier.swift in Sources */,
				782D912D2538395500D7110C /* RulerModel.swift in Sources */,
				7879112B252E427200AAB33F /* SceneDelegate.swift in Sources */,
			);
			runOnlyForDeploymentPostprocessing = 0;
		};
		78791137252E427400AAB33F /* Sources */ = {
			isa = PBXSourcesBuildPhase;
			buildActionMask = 2147483647;
			files = (
				78791140252E427400AAB33F /* testTests.swift in Sources */,
			);
			runOnlyForDeploymentPostprocessing = 0;
		};
		78791142252E427400AAB33F /* Sources */ = {
			isa = PBXSourcesBuildPhase;
			buildActionMask = 2147483647;
			files = (
				7879114B252E427400AAB33F /* testUITests.swift in Sources */,
			);
			runOnlyForDeploymentPostprocessing = 0;
		};
/* End PBXSourcesBuildPhase section */

/* Begin PBXTargetDependency section */
		7879113D252E427400AAB33F /* PBXTargetDependency */ = {
			isa = PBXTargetDependency;
			target = 78791124252E427200AAB33F /* test */;
			targetProxy = 7879113C252E427400AAB33F /* PBXContainerItemProxy */;
		};
		78791148252E427400AAB33F /* PBXTargetDependency */ = {
			isa = PBXTargetDependency;
			target = 78791124252E427200AAB33F /* test */;
			targetProxy = 78791147252E427400AAB33F /* PBXContainerItemProxy */;
		};
/* End PBXTargetDependency section */

/* Begin PBXVariantGroup section */
		7879112E252E427200AAB33F /* Main.storyboard */ = {
			isa = PBXVariantGroup;
			children = (
				7879112F252E427200AAB33F /* Base */,
			);
			name = Main.storyboard;
			sourceTree = "<group>";
		};
		78791133252E427400AAB33F /* LaunchScreen.storyboard */ = {
			isa = PBXVariantGroup;
			children = (
				78791134252E427400AAB33F /* Base */,
			);
			name = LaunchScreen.storyboard;
			sourceTree = "<group>";
		};
/* End PBXVariantGroup section */

/* Begin XCBuildConfiguration section */
		7879114D252E427400AAB33F /* Debug */ = {
			isa = XCBuildConfiguration;
			buildSettings = {
				ALWAYS_SEARCH_USER_PATHS = NO;
				CLANG_ANALYZER_NONNULL = YES;
				CLANG_ANALYZER_NUMBER_OBJECT_CONVERSION = YES_AGGRESSIVE;
				CLANG_CXX_LANGUAGE_STANDARD = "gnu++14";
				CLANG_CXX_LIBRARY = "libc++";
				CLANG_ENABLE_MODULES = YES;
				CLANG_ENABLE_OBJC_ARC = YES;
				CLANG_ENABLE_OBJC_WEAK = YES;
				CLANG_WARN_BLOCK_CAPTURE_AUTORELEASING = YES;
				CLANG_WARN_BOOL_CONVERSION = YES;
				CLANG_WARN_COMMA = YES;
				CLANG_WARN_CONSTANT_CONVERSION = YES;
				CLANG_WARN_DEPRECATED_OBJC_IMPLEMENTATIONS = YES;
				CLANG_WARN_DIRECT_OBJC_ISA_USAGE = YES_ERROR;
				CLANG_WARN_DOCUMENTATION_COMMENTS = YES;
				CLANG_WARN_EMPTY_BODY = YES;
				CLANG_WARN_ENUM_CONVERSION = YES;
				CLANG_WARN_INFINITE_RECURSION = YES;
				CLANG_WARN_INT_CONVERSION = YES;
				CLANG_WARN_NON_LITERAL_NULL_CONVERSION = YES;
				CLANG_WARN_OBJC_IMPLICIT_RETAIN_SELF = YES;
				CLANG_WARN_OBJC_LITERAL_CONVERSION = YES;
				CLANG_WARN_OBJC_ROOT_CLASS = YES_ERROR;
				CLANG_WARN_RANGE_LOOP_ANALYSIS = YES;
				CLANG_WARN_STRICT_PROTOTYPES = YES;
				CLANG_WARN_SUSPICIOUS_MOVE = YES;
				CLANG_WARN_UNGUARDED_AVAILABILITY = YES_AGGRESSIVE;
				CLANG_WARN_UNREACHABLE_CODE = YES;
				CLANG_WARN__DUPLICATE_METHOD_MATCH = YES;
				COPY_PHASE_STRIP = NO;
				DEBUG_INFORMATION_FORMAT = dwarf;
				ENABLE_STRICT_OBJC_MSGSEND = YES;
				ENABLE_TESTABILITY = YES;
				GCC_C_LANGUAGE_STANDARD = gnu11;
				GCC_DYNAMIC_NO_PIC = NO;
				GCC_NO_COMMON_BLOCKS = YES;
				GCC_OPTIMIZATION_LEVEL = 0;
				GCC_PREPROCESSOR_DEFINITIONS = (
					"DEBUG=1",
					"$(inherited)",
				);
				GCC_WARN_64_TO_32_BIT_CONVERSION = YES;
				GCC_WARN_ABOUT_RETURN_TYPE = YES_ERROR;
				GCC_WARN_UNDECLARED_SELECTOR = YES;
				GCC_WARN_UNINITIALIZED_AUTOS = YES_AGGRESSIVE;
				GCC_WARN_UNUSED_FUNCTION = YES;
				GCC_WARN_UNUSED_VARIABLE = YES;
				IPHONEOS_DEPLOYMENT_TARGET = 13.7;
				MTL_ENABLE_DEBUG_INFO = INCLUDE_SOURCE;
				MTL_FAST_MATH = YES;
				ONLY_ACTIVE_ARCH = YES;
				SDKROOT = iphoneos;
				SWIFT_ACTIVE_COMPILATION_CONDITIONS = DEBUG;
				SWIFT_OPTIMIZATION_LEVEL = "-Onone";
			};
			name = Debug;
		};
		7879114E252E427400AAB33F /* Release */ = {
			isa = XCBuildConfiguration;
			buildSettings = {
				ALWAYS_SEARCH_USER_PATHS = NO;
				CLANG_ANALYZER_NONNULL = YES;
				CLANG_ANALYZER_NUMBER_OBJECT_CONVERSION = YES_AGGRESSIVE;
				CLANG_CXX_LANGUAGE_STANDARD = "gnu++14";
				CLANG_CXX_LIBRARY = "libc++";
				CLANG_ENABLE_MODULES = YES;
				CLANG_ENABLE_OBJC_ARC = YES;
				CLANG_ENABLE_OBJC_WEAK = YES;
				CLANG_WARN_BLOCK_CAPTURE_AUTORELEASING = YES;
				CLANG_WARN_BOOL_CONVERSION = YES;
				CLANG_WARN_COMMA = YES;
				CLANG_WARN_CONSTANT_CONVERSION = YES;
				CLANG_WARN_DEPRECATED_OBJC_IMPLEMENTATIONS = YES;
				CLANG_WARN_DIRECT_OBJC_ISA_USAGE = YES_ERROR;
				CLANG_WARN_DOCUMENTATION_COMMENTS = YES;
				CLANG_WARN_EMPTY_BODY = YES;
				CLANG_WARN_ENUM_CONVERSION = YES;
				CLANG_WARN_INFINITE_RECURSION = YES;
				CLANG_WARN_INT_CONVERSION = YES;
				CLANG_WARN_NON_LITERAL_NULL_CONVERSION = YES;
				CLANG_WARN_OBJC_IMPLICIT_RETAIN_SELF = YES;
				CLANG_WARN_OBJC_LITERAL_CONVERSION = YES;
				CLANG_WARN_OBJC_ROOT_CLASS = YES_ERROR;
				CLANG_WARN_RANGE_LOOP_ANALYSIS = YES;
				CLANG_WARN_STRICT_PROTOTYPES = YES;
				CLANG_WARN_SUSPICIOUS_MOVE = YES;
				CLANG_WARN_UNGUARDED_AVAILABILITY = YES_AGGRESSIVE;
				CLANG_WARN_UNREACHABLE_CODE = YES;
				CLANG_WARN__DUPLICATE_METHOD_MATCH = YES;
				COPY_PHASE_STRIP = NO;
				DEBUG_INFORMATION_FORMAT = "dwarf-with-dsym";
				ENABLE_NS_ASSERTIONS = NO;
				ENABLE_STRICT_OBJC_MSGSEND = YES;
				GCC_C_LANGUAGE_STANDARD = gnu11;
				GCC_NO_COMMON_BLOCKS = YES;
				GCC_WARN_64_TO_32_BIT_CONVERSION = YES;
				GCC_WARN_ABOUT_RETURN_TYPE = YES_ERROR;
				GCC_WARN_UNDECLARED_SELECTOR = YES;
				GCC_WARN_UNINITIALIZED_AUTOS = YES_AGGRESSIVE;
				GCC_WARN_UNUSED_FUNCTION = YES;
				GCC_WARN_UNUSED_VARIABLE = YES;
				IPHONEOS_DEPLOYMENT_TARGET = 13.7;
				MTL_ENABLE_DEBUG_INFO = NO;
				MTL_FAST_MATH = YES;
				SDKROOT = iphoneos;
				SWIFT_COMPILATION_MODE = wholemodule;
				SWIFT_OPTIMIZATION_LEVEL = "-O";
				VALIDATE_PRODUCT = YES;
			};
			name = Release;
		};
		78791150252E427400AAB33F /* Debug */ = {
			isa = XCBuildConfiguration;
			buildSettings = {
				ASSETCATALOG_COMPILER_APPICON_NAME = AppIcon;
				CODE_SIGN_STYLE = Automatic;
				INFOPLIST_FILE = test/Info.plist;
				IPHONEOS_DEPLOYMENT_TARGET = 13.0;
				LD_RUNPATH_SEARCH_PATHS = (
					"$(inherited)",
					"@executable_path/Frameworks",
				);
				PRODUCT_BUNDLE_IDENTIFIER = bao.test;
				PRODUCT_NAME = "$(TARGET_NAME)";
				SWIFT_VERSION = 5.0;
				TARGETED_DEVICE_FAMILY = "1,2";
			};
			name = Debug;
		};
		78791151252E427400AAB33F /* Release */ = {
			isa = XCBuildConfiguration;
			buildSettings = {
				ASSETCATALOG_COMPILER_APPICON_NAME = AppIcon;
				CODE_SIGN_STYLE = Automatic;
				INFOPLIST_FILE = test/Info.plist;
				IPHONEOS_DEPLOYMENT_TARGET = 13.0;
				LD_RUNPATH_SEARCH_PATHS = (
					"$(inherited)",
					"@executable_path/Frameworks",
				);
				PRODUCT_BUNDLE_IDENTIFIER = bao.test;
				PRODUCT_NAME = "$(TARGET_NAME)";
				SWIFT_VERSION = 5.0;
				TARGETED_DEVICE_FAMILY = "1,2";
			};
			name = Release;
		};
		78791153252E427400AAB33F /* Debug */ = {
			isa = XCBuildConfiguration;
			buildSettings = {
				ALWAYS_EMBED_SWIFT_STANDARD_LIBRARIES = YES;
				BUNDLE_LOADER = "$(TEST_HOST)";
				CODE_SIGN_STYLE = Automatic;
				INFOPLIST_FILE = testTests/Info.plist;
				IPHONEOS_DEPLOYMENT_TARGET = 13.7;
				LD_RUNPATH_SEARCH_PATHS = (
					"$(inherited)",
					"@executable_path/Frameworks",
					"@loader_path/Frameworks",
				);
				PRODUCT_BUNDLE_IDENTIFIER = bao.testTests;
				PRODUCT_NAME = "$(TARGET_NAME)";
				SWIFT_VERSION = 5.0;
				TARGETED_DEVICE_FAMILY = "1,2";
				TEST_HOST = "$(BUILT_PRODUCTS_DIR)/test.app/test";
			};
			name = Debug;
		};
		78791154252E427400AAB33F /* Release */ = {
			isa = XCBuildConfiguration;
			buildSettings = {
				ALWAYS_EMBED_SWIFT_STANDARD_LIBRARIES = YES;
				BUNDLE_LOADER = "$(TEST_HOST)";
				CODE_SIGN_STYLE = Automatic;
				INFOPLIST_FILE = testTests/Info.plist;
				IPHONEOS_DEPLOYMENT_TARGET = 13.7;
				LD_RUNPATH_SEARCH_PATHS = (
					"$(inherited)",
					"@executable_path/Frameworks",
					"@loader_path/Frameworks",
				);
				PRODUCT_BUNDLE_IDENTIFIER = bao.testTests;
				PRODUCT_NAME = "$(TARGET_NAME)";
				SWIFT_VERSION = 5.0;
				TARGETED_DEVICE_FAMILY = "1,2";
				TEST_HOST = "$(BUILT_PRODUCTS_DIR)/test.app/test";
			};
			name = Release;
		};
		78791156252E427400AAB33F /* Debug */ = {
			isa = XCBuildConfiguration;
			buildSettings = {
				ALWAYS_EMBED_SWIFT_STANDARD_LIBRARIES = YES;
				CODE_SIGN_STYLE = Automatic;
				INFOPLIST_FILE = testUITests/Info.plist;
				LD_RUNPATH_SEARCH_PATHS = (
					"$(inherited)",
					"@executable_path/Frameworks",
					"@loader_path/Frameworks",
				);
				PRODUCT_BUNDLE_IDENTIFIER = bao.testUITests;
				PRODUCT_NAME = "$(TARGET_NAME)";
				SWIFT_VERSION = 5.0;
				TARGETED_DEVICE_FAMILY = "1,2";
				TEST_TARGET_NAME = test;
			};
			name = Debug;
		};
		78791157252E427400AAB33F /* Release */ = {
			isa = XCBuildConfiguration;
			buildSettings = {
				ALWAYS_EMBED_SWIFT_STANDARD_LIBRARIES = YES;
				CODE_SIGN_STYLE = Automatic;
				INFOPLIST_FILE = testUITests/Info.plist;
				LD_RUNPATH_SEARCH_PATHS = (
					"$(inherited)",
					"@executable_path/Frameworks",
					"@loader_path/Frameworks",
				);
				PRODUCT_BUNDLE_IDENTIFIER = bao.testUITests;
				PRODUCT_NAME = "$(TARGET_NAME)";
				SWIFT_VERSION = 5.0;
				TARGETED_DEVICE_FAMILY = "1,2";
				TEST_TARGET_NAME = test;
			};
			name = Release;
		};
/* End XCBuildConfiguration section */

/* Begin XCConfigurationList section */
		78791120252E427200AAB33F /* Build configuration list for PBXProject "test" */ = {
			isa = XCConfigurationList;
			buildConfigurations = (
				7879114D252E427400AAB33F /* Debug */,
				7879114E252E427400AAB33F /* Release */,
			);
			defaultConfigurationIsVisible = 0;
			defaultConfigurationName = Release;
		};
		7879114F252E427400AAB33F /* Build configuration list for PBXNativeTarget "test" */ = {
			isa = XCConfigurationList;
			buildConfigurations = (
				78791150252E427400AAB33F /* Debug */,
				78791151252E427400AAB33F /* Release */,
			);
			defaultConfigurationIsVisible = 0;
			defaultConfigurationName = Release;
		};
		78791152252E427400AAB33F /* Build configuration list for PBXNativeTarget "testTests" */ = {
			isa = XCConfigurationList;
			buildConfigurations = (
				78791153252E427400AAB33F /* Debug */,
				78791154252E427400AAB33F /* Release */,
			);
			defaultConfigurationIsVisible = 0;
			defaultConfigurationName = Release;
		};
		78791155252E427400AAB33F /* Build configuration list for PBXNativeTarget "testUITests" */ = {
			isa = XCConfigurationList;
			buildConfigurations = (
				78791156252E427400AAB33F /* Debug */,
				78791157252E427400AAB33F /* Release */,
			);
			defaultConfigurationIsVisible = 0;
			defaultConfigurationName = Release;
		};
/* End XCConfigurationList section */
	};
	rootObject = 7879111D252E427200AAB33F /* Project object */;
}
